// !$*UTF8*$!
{
	archiveVersion = 1;
	classes = {
	};
	objectVersion = 46;
	objects = {

/* Begin PBXBuildFile section */
		F800D76D193D61AE00997439 /* AlphaViewController.m in Sources */ = {isa = PBXBuildFile; fileRef = F800D76B193D61AE00997439 /* AlphaViewController.m */; };
		F800D76E193D61AE00997439 /* AlphaViewController.xib in Resources */ = {isa = PBXBuildFile; fileRef = F800D76C193D61AE00997439 /* AlphaViewController.xib */; };
		F800D772193D61BA00997439 /* BetaViewController.m in Sources */ = {isa = PBXBuildFile; fileRef = F800D770193D61BA00997439 /* BetaViewController.m */; };
		F800D773193D61BA00997439 /* BetaViewController.xib in Resources */ = {isa = PBXBuildFile; fileRef = F800D771193D61BA00997439 /* BetaViewController.xib */; };
		F800D777193D620600997439 /* GammaViewController.m in Sources */ = {isa = PBXBuildFile; fileRef = F800D775193D620600997439 /* GammaViewController.m */; };
		F800D778193D620600997439 /* GammaViewController.xib in Resources */ = {isa = PBXBuildFile; fileRef = F800D776193D620600997439 /* GammaViewController.xib */; };
		F8D814C5193715CA0011E197 /* Cocoa.framework in Frameworks */ = {isa = PBXBuildFile; fileRef = F8D814C4193715CA0011E197 /* Cocoa.framework */; };
		F8D814CF193715CB0011E197 /* InfoPlist.strings in Resources */ = {isa = PBXBuildFile; fileRef = F8D814CD193715CB0011E197 /* InfoPlist.strings */; };
		F8D814D1193715CB0011E197 /* main.m in Sources */ = {isa = PBXBuildFile; fileRef = F8D814D0193715CB0011E197 /* main.m */; };
		F8D814D5193715CB0011E197 /* Credits.rtf in Resources */ = {isa = PBXBuildFile; fileRef = F8D814D3193715CB0011E197 /* Credits.rtf */; };
		F8D814D8193715CB0011E197 /* AppDelegate.m in Sources */ = {isa = PBXBuildFile; fileRef = F8D814D7193715CB0011E197 /* AppDelegate.m */; };
		F8D814DB193715CB0011E197 /* MainMenu.xib in Resources */ = {isa = PBXBuildFile; fileRef = F8D814D9193715CB0011E197 /* MainMenu.xib */; };
		F8D814DD193715CB0011E197 /* Images.xcassets in Resources */ = {isa = PBXBuildFile; fileRef = F8D814DC193715CB0011E197 /* Images.xcassets */; };
		F8D814E4193715CB0011E197 /* XCTest.framework in Frameworks */ = {isa = PBXBuildFile; fileRef = F8D814E3193715CB0011E197 /* XCTest.framework */; };
		F8D814E5193715CB0011E197 /* Cocoa.framework in Frameworks */ = {isa = PBXBuildFile; fileRef = F8D814C4193715CA0011E197 /* Cocoa.framework */; };
		F8D814ED193715CB0011E197 /* InfoPlist.strings in Resources */ = {isa = PBXBuildFile; fileRef = F8D814EB193715CB0011E197 /* InfoPlist.strings */; };
		F8D814EF193715CB0011E197 /* MASPreferencesTests.m in Sources */ = {isa = PBXBuildFile; fileRef = F8D814EE193715CB0011E197 /* MASPreferencesTests.m */; };
		F8D814FC193716390011E197 /* MASPreferencesWindow.xib in Resources */ = {isa = PBXBuildFile; fileRef = F8D814F9193716390011E197 /* MASPreferencesWindow.xib */; };
		F8D814FD193716390011E197 /* MASPreferencesWindowController.m in Sources */ = {isa = PBXBuildFile; fileRef = F8D814FB193716390011E197 /* MASPreferencesWindowController.m */; };
/* End PBXBuildFile section */

/* Begin PBXContainerItemProxy section */
		F8D814E6193715CB0011E197 /* PBXContainerItemProxy */ = {
			isa = PBXContainerItemProxy;
			containerPortal = F8D814B9193715CA0011E197 /* Project object */;
			proxyType = 1;
			remoteGlobalIDString = F8D814C0193715CA0011E197;
			remoteInfo = MASPreferences;
		};
/* End PBXContainerItemProxy section */

/* Begin PBXFileReference section */
		F800D76A193D61AE00997439 /* AlphaViewController.h */ = {isa = PBXFileReference; fileEncoding = 4; lastKnownFileType = sourcecode.c.h; path = AlphaViewController.h; sourceTree = "<group>"; };
		F800D76B193D61AE00997439 /* AlphaViewController.m */ = {isa = PBXFileReference; fileEncoding = 4; lastKnownFileType = sourcecode.c.objc; path = AlphaViewController.m; sourceTree = "<group>"; };
		F800D76C193D61AE00997439 /* AlphaViewController.xib */ = {isa = PBXFileReference; fileEncoding = 4; lastKnownFileType = file.xib; path = AlphaViewController.xib; sourceTree = "<group>"; };
		F800D76F193D61BA00997439 /* BetaViewController.h */ = {isa = PBXFileReference; fileEncoding = 4; lastKnownFileType = sourcecode.c.h; path = BetaViewController.h; sourceTree = "<group>"; };
		F800D770193D61BA00997439 /* BetaViewController.m */ = {isa = PBXFileReference; fileEncoding = 4; lastKnownFileType = sourcecode.c.objc; path = BetaViewController.m; sourceTree = "<group>"; };
		F800D771193D61BA00997439 /* BetaViewController.xib */ = {isa = PBXFileReference; fileEncoding = 4; lastKnownFileType = file.xib; path = BetaViewController.xib; sourceTree = "<group>"; };
		F800D774193D620600997439 /* GammaViewController.h */ = {isa = PBXFileReference; fileEncoding = 4; lastKnownFileType = sourcecode.c.h; path = GammaViewController.h; sourceTree = "<group>"; };
		F800D775193D620600997439 /* GammaViewController.m */ = {isa = PBXFileReference; fileEncoding = 4; lastKnownFileType = sourcecode.c.objc; path = GammaViewController.m; sourceTree = "<group>"; };
		F800D776193D620600997439 /* GammaViewController.xib */ = {isa = PBXFileReference; fileEncoding = 4; lastKnownFileType = file.xib; path = GammaViewController.xib; sourceTree = "<group>"; };
		F8D814C1193715CA0011E197 /* MASPreferences.app */ = {isa = PBXFileReference; explicitFileType = wrapper.application; includeInIndex = 0; path = MASPreferences.app; sourceTree = BUILT_PRODUCTS_DIR; };
		F8D814C4193715CA0011E197 /* Cocoa.framework */ = {isa = PBXFileReference; lastKnownFileType = wrapper.framework; name = Cocoa.framework; path = System/Library/Frameworks/Cocoa.framework; sourceTree = SDKROOT; };
		F8D814C7193715CA0011E197 /* AppKit.framework */ = {isa = PBXFileReference; lastKnownFileType = wrapper.framework; name = AppKit.framework; path = System/Library/Frameworks/AppKit.framework; sourceTree = SDKROOT; };
		F8D814C8193715CA0011E197 /* CoreData.framework */ = {isa = PBXFileReference; lastKnownFileType = wrapper.framework; name = CoreData.framework; path = System/Library/Frameworks/CoreData.framework; sourceTree = SDKROOT; };
		F8D814C9193715CA0011E197 /* Foundation.framework */ = {isa = PBXFileReference; lastKnownFileType = wrapper.framework; name = Foundation.framework; path = System/Library/Frameworks/Foundation.framework; sourceTree = SDKROOT; };
		F8D814CC193715CA0011E197 /* MASPreferences-Info.plist */ = {isa = PBXFileReference; lastKnownFileType = text.plist.xml; path = "MASPreferences-Info.plist"; sourceTree = "<group>"; };
		F8D814CE193715CB0011E197 /* en */ = {isa = PBXFileReference; lastKnownFileType = text.plist.strings; name = en; path = en.lproj/InfoPlist.strings; sourceTree = "<group>"; };
		F8D814D0193715CB0011E197 /* main.m */ = {isa = PBXFileReference; lastKnownFileType = sourcecode.c.objc; path = main.m; sourceTree = "<group>"; };
		F8D814D2193715CB0011E197 /* MASPreferences-Prefix.pch */ = {isa = PBXFileReference; lastKnownFileType = sourcecode.c.h; path = "MASPreferences-Prefix.pch"; sourceTree = "<group>"; };
		F8D814D4193715CB0011E197 /* en */ = {isa = PBXFileReference; lastKnownFileType = text.rtf; name = en; path = en.lproj/Credits.rtf; sourceTree = "<group>"; };
		F8D814D6193715CB0011E197 /* AppDelegate.h */ = {isa = PBXFileReference; lastKnownFileType = sourcecode.c.h; path = AppDelegate.h; sourceTree = "<group>"; };
		F8D814D7193715CB0011E197 /* AppDelegate.m */ = {isa = PBXFileReference; lastKnownFileType = sourcecode.c.objc; path = AppDelegate.m; sourceTree = "<group>"; };
		F8D814DA193715CB0011E197 /* Base */ = {isa = PBXFileReference; lastKnownFileType = file.xib; name = Base; path = Base.lproj/MainMenu.xib; sourceTree = "<group>"; };
		F8D814DC193715CB0011E197 /* Images.xcassets */ = {isa = PBXFileReference; lastKnownFileType = folder.assetcatalog; path = Images.xcassets; sourceTree = "<group>"; };
		F8D814E2193715CB0011E197 /* MASPreferencesTests.xctest */ = {isa = PBXFileReference; explicitFileType = wrapper.cfbundle; includeInIndex = 0; path = MASPreferencesTests.xctest; sourceTree = BUILT_PRODUCTS_DIR; };
		F8D814E3193715CB0011E197 /* XCTest.framework */ = {isa = PBXFileReference; lastKnownFileType = wrapper.framework; name = XCTest.framework; path = Library/Frameworks/XCTest.framework; sourceTree = DEVELOPER_DIR; };
		F8D814EA193715CB0011E197 /* MASPreferencesTests-Info.plist */ = {isa = PBXFileReference; lastKnownFileType = text.plist.xml; path = "MASPreferencesTests-Info.plist"; sourceTree = "<group>"; };
		F8D814EC193715CB0011E197 /* en */ = {isa = PBXFileReference; lastKnownFileType = text.plist.strings; name = en; path = en.lproj/InfoPlist.strings; sourceTree = "<group>"; };
		F8D814EE193715CB0011E197 /* MASPreferencesTests.m */ = {isa = PBXFileReference; lastKnownFileType = sourcecode.c.objc; path = MASPreferencesTests.m; sourceTree = "<group>"; };
		F8D814F8193716390011E197 /* MASPreferencesViewController.h */ = {isa = PBXFileReference; fileEncoding = 4; lastKnownFileType = sourcecode.c.h; name = MASPreferencesViewController.h; path = ../../MASPreferencesViewController.h; sourceTree = "<group>"; };
		F8D814F9193716390011E197 /* MASPreferencesWindow.xib */ = {isa = PBXFileReference; fileEncoding = 4; lastKnownFileType = file.xib; name = MASPreferencesWindow.xib; path = ../../MASPreferencesWindow.xib; sourceTree = "<group>"; };
		F8D814FA193716390011E197 /* MASPreferencesWindowController.h */ = {isa = PBXFileReference; fileEncoding = 4; lastKnownFileType = sourcecode.c.h; name = MASPreferencesWindowController.h; path = ../../MASPreferencesWindowController.h; sourceTree = "<group>"; };
		F8D814FB193716390011E197 /* MASPreferencesWindowController.m */ = {isa = PBXFileReference; fileEncoding = 4; lastKnownFileType = sourcecode.c.objc; name = MASPreferencesWindowController.m; path = ../../MASPreferencesWindowController.m; sourceTree = "<group>"; };
/* End PBXFileReference section */

/* Begin PBXFrameworksBuildPhase section */
		F8D814BE193715CA0011E197 /* Frameworks */ = {
			isa = PBXFrameworksBuildPhase;
			buildActionMask = 2147483647;
			files = (
				F8D814C5193715CA0011E197 /* Cocoa.framework in Frameworks */,
			);
			runOnlyForDeploymentPostprocessing = 0;
		};
		F8D814DF193715CB0011E197 /* Frameworks */ = {
			isa = PBXFrameworksBuildPhase;
			buildActionMask = 2147483647;
			files = (
				F8D814E5193715CB0011E197 /* Cocoa.framework in Frameworks */,
				F8D814E4193715CB0011E197 /* XCTest.framework in Frameworks */,
			);
			runOnlyForDeploymentPostprocessing = 0;
		};
/* End PBXFrameworksBuildPhase section */

/* Begin PBXGroup section */
		F8D814B8193715CA0011E197 = {
			isa = PBXGroup;
			children = (
				F8D814CA193715CA0011E197 /* MASPreferences */,
				F8D814E8193715CB0011E197 /* MASPreferencesTests */,
				F8D814C3193715CA0011E197 /* Frameworks */,
				F8D814C2193715CA0011E197 /* Products */,
			);
			sourceTree = "<group>";
		};
		F8D814C2193715CA0011E197 /* Products */ = {
			isa = PBXGroup;
			children = (
				F8D814C1193715CA0011E197 /* MASPreferences.app */,
				F8D814E2193715CB0011E197 /* MASPreferencesTests.xctest */,
			);
			name = Products;
			sourceTree = "<group>";
		};
		F8D814C3193715CA0011E197 /* Frameworks */ = {
			isa = PBXGroup;
			children = (
				F8D814C4193715CA0011E197 /* Cocoa.framework */,
				F8D814E3193715CB0011E197 /* XCTest.framework */,
				F8D814C6193715CA0011E197 /* Other Frameworks */,
			);
			name = Frameworks;
			sourceTree = "<group>";
		};
		F8D814C6193715CA0011E197 /* Other Frameworks */ = {
			isa = PBXGroup;
			children = (
				F8D814C7193715CA0011E197 /* AppKit.framework */,
				F8D814C8193715CA0011E197 /* CoreData.framework */,
				F8D814C9193715CA0011E197 /* Foundation.framework */,
			);
			name = "Other Frameworks";
			sourceTree = "<group>";
		};
		F8D814CA193715CA0011E197 /* MASPreferences */ = {
			isa = PBXGroup;
			children = (
				F8D814F8193716390011E197 /* MASPreferencesViewController.h */,
				F8D814F9193716390011E197 /* MASPreferencesWindow.xib */,
				F8D814FA193716390011E197 /* MASPreferencesWindowController.h */,
				F8D814FB193716390011E197 /* MASPreferencesWindowController.m */,
				F8D814D6193715CB0011E197 /* AppDelegate.h */,
				F8D814D7193715CB0011E197 /* AppDelegate.m */,
				F8D814D9193715CB0011E197 /* MainMenu.xib */,
				F800D76A193D61AE00997439 /* AlphaViewController.h */,
				F800D76B193D61AE00997439 /* AlphaViewController.m */,
				F800D76C193D61AE00997439 /* AlphaViewController.xib */,
				F800D76F193D61BA00997439 /* BetaViewController.h */,
				F800D770193D61BA00997439 /* BetaViewController.m */,
				F800D771193D61BA00997439 /* BetaViewController.xib */,
				F800D774193D620600997439 /* GammaViewController.h */,
				F800D775193D620600997439 /* GammaViewController.m */,
				F800D776193D620600997439 /* GammaViewController.xib */,
				F8D814DC193715CB0011E197 /* Images.xcassets */,
				F8D814CB193715CA0011E197 /* Supporting Files */,
			);
			path = MASPreferences;
			sourceTree = "<group>";
		};
		F8D814CB193715CA0011E197 /* Supporting Files */ = {
			isa = PBXGroup;
			children = (
				F8D814CC193715CA0011E197 /* MASPreferences-Info.plist */,
				F8D814CD193715CB0011E197 /* InfoPlist.strings */,
				F8D814D0193715CB0011E197 /* main.m */,
				F8D814D2193715CB0011E197 /* MASPreferences-Prefix.pch */,
				F8D814D3193715CB0011E197 /* Credits.rtf */,
			);
			name = "Supporting Files";
			sourceTree = "<group>";
		};
		F8D814E8193715CB0011E197 /* MASPreferencesTests */ = {
			isa = PBXGroup;
			children = (
				F8D814EE193715CB0011E197 /* MASPreferencesTests.m */,
				F8D814E9193715CB0011E197 /* Supporting Files */,
			);
			path = MASPreferencesTests;
			sourceTree = "<group>";
		};
		F8D814E9193715CB0011E197 /* Supporting Files */ = {
			isa = PBXGroup;
			children = (
				F8D814EA193715CB0011E197 /* MASPreferencesTests-Info.plist */,
				F8D814EB193715CB0011E197 /* InfoPlist.strings */,
			);
			name = "Supporting Files";
			sourceTree = "<group>";
		};
/* End PBXGroup section */

/* Begin PBXNativeTarget section */
		F8D814C0193715CA0011E197 /* MASPreferences */ = {
			isa = PBXNativeTarget;
			buildConfigurationList = F8D814F2193715CB0011E197 /* Build configuration list for PBXNativeTarget "MASPreferences" */;
			buildPhases = (
				F8D814BD193715CA0011E197 /* Sources */,
				F8D814BE193715CA0011E197 /* Frameworks */,
				F8D814BF193715CA0011E197 /* Resources */,
			);
			buildRules = (
			);
			dependencies = (
			);
			name = MASPreferences;
			productName = MASPreferences;
			productReference = F8D814C1193715CA0011E197 /* MASPreferences.app */;
			productType = "com.apple.product-type.application";
		};
		F8D814E1193715CB0011E197 /* MASPreferencesTests */ = {
			isa = PBXNativeTarget;
			buildConfigurationList = F8D814F5193715CB0011E197 /* Build configuration list for PBXNativeTarget "MASPreferencesTests" */;
			buildPhases = (
				F8D814DE193715CB0011E197 /* Sources */,
				F8D814DF193715CB0011E197 /* Frameworks */,
				F8D814E0193715CB0011E197 /* Resources */,
			);
			buildRules = (
			);
			dependencies = (
				F8D814E7193715CB0011E197 /* PBXTargetDependency */,
			);
			name = MASPreferencesTests;
			productName = MASPreferencesTests;
			productReference = F8D814E2193715CB0011E197 /* MASPreferencesTests.xctest */;
			productType = "com.apple.product-type.bundle.unit-test";
		};
/* End PBXNativeTarget section */

/* Begin PBXProject section */
		F8D814B9193715CA0011E197 /* Project object */ = {
			isa = PBXProject;
			attributes = {
				LastUpgradeCheck = 0510;
				ORGANIZATIONNAME = "Kerlmax LLC";
				TargetAttributes = {
					F8D814E1193715CB0011E197 = {
						TestTargetID = F8D814C0193715CA0011E197;
					};
				};
			};
			buildConfigurationList = F8D814BC193715CA0011E197 /* Build configuration list for PBXProject "MASPreferences" */;
			compatibilityVersion = "Xcode 3.2";
			developmentRegion = English;
			hasScannedForEncodings = 0;
			knownRegions = (
				en,
				Base,
			);
			mainGroup = F8D814B8193715CA0011E197;
			productRefGroup = F8D814C2193715CA0011E197 /* Products */;
			projectDirPath = "";
			projectRoot = "";
			targets = (
				F8D814C0193715CA0011E197 /* MASPreferences */,
				F8D814E1193715CB0011E197 /* MASPreferencesTests */,
			);
		};
/* End PBXProject section */

/* Begin PBXResourcesBuildPhase section */
		F8D814BF193715CA0011E197 /* Resources */ = {
			isa = PBXResourcesBuildPhase;
			buildActionMask = 2147483647;
			files = (
				F8D814CF193715CB0011E197 /* InfoPlist.strings in Resources */,
				F800D76E193D61AE00997439 /* AlphaViewController.xib in Resources */,
				F800D778193D620600997439 /* GammaViewController.xib in Resources */,
				F800D773193D61BA00997439 /* BetaViewController.xib in Resources */,
				F8D814DD193715CB0011E197 /* Images.xcassets in Resources */,
				F8D814FC193716390011E197 /* MASPreferencesWindow.xib in Resources */,
				F8D814D5193715CB0011E197 /* Credits.rtf in Resources */,
				F8D814DB193715CB0011E197 /* MainMenu.xib in Resources */,
			);
			runOnlyForDeploymentPostprocessing = 0;
		};
		F8D814E0193715CB0011E197 /* Resources */ = {
			isa = PBXResourcesBuildPhase;
			buildActionMask = 2147483647;
			files = (
				F8D814ED193715CB0011E197 /* InfoPlist.strings in Resources */,
			);
			runOnlyForDeploymentPostprocessing = 0;
		};
/* End PBXResourcesBuildPhase section */

/* Begin PBXSourcesBuildPhase section */
		F8D814BD193715CA0011E197 /* Sources */ = {
			isa = PBXSourcesBuildPhase;
			buildActionMask = 2147483647;
			files = (
				F8D814D8193715CB0011E197 /* AppDelegate.m in Sources */,
				F800D772193D61BA00997439 /* BetaViewController.m in Sources */,
				F800D777193D620600997439 /* GammaViewController.m in Sources */,
				F800D76D193D61AE00997439 /* AlphaViewController.m in Sources */,
				F8D814FD193716390011E197 /* MASPreferencesWindowController.m in Sources */,
				F8D814D1193715CB0011E197 /* main.m in Sources */,
			);
			runOnlyForDeploymentPostprocessing = 0;
		};
		F8D814DE193715CB0011E197 /* Sources */ = {
			isa = PBXSourcesBuildPhase;
			buildActionMask = 2147483647;
			files = (
				F8D814EF193715CB0011E197 /* MASPreferencesTests.m in Sources */,
			);
			runOnlyForDeploymentPostprocessing = 0;
		};
/* End PBXSourcesBuildPhase section */

/* Begin PBXTargetDependency section */
		F8D814E7193715CB0011E197 /* PBXTargetDependency */ = {
			isa = PBXTargetDependency;
			target = F8D814C0193715CA0011E197 /* MASPreferences */;
			targetProxy = F8D814E6193715CB0011E197 /* PBXContainerItemProxy */;
		};
/* End PBXTargetDependency section */

/* Begin PBXVariantGroup section */
		F8D814CD193715CB0011E197 /* InfoPlist.strings */ = {
			isa = PBXVariantGroup;
			children = (
				F8D814CE193715CB0011E197 /* en */,
			);
			name = InfoPlist.strings;
			sourceTree = "<group>";
		};
		F8D814D3193715CB0011E197 /* Credits.rtf */ = {
			isa = PBXVariantGroup;
			children = (
				F8D814D4193715CB0011E197 /* en */,
			);
			name = Credits.rtf;
			sourceTree = "<group>";
		};
		F8D814D9193715CB0011E197 /* MainMenu.xib */ = {
			isa = PBXVariantGroup;
			children = (
				F8D814DA193715CB0011E197 /* Base */,
			);
			name = MainMenu.xib;
			sourceTree = "<group>";
		};
		F8D814EB193715CB0011E197 /* InfoPlist.strings */ = {
			isa = PBXVariantGroup;
			children = (
				F8D814EC193715CB0011E197 /* en */,
			);
			name = InfoPlist.strings;
			sourceTree = "<group>";
		};
/* End PBXVariantGroup section */

/* Begin XCBuildConfiguration section */
		F8D814F0193715CB0011E197 /* Debug */ = {
			isa = XCBuildConfiguration;
			buildSettings = {
				ALWAYS_SEARCH_USER_PATHS = NO;
				CLANG_CXX_LANGUAGE_STANDARD = "gnu++0x";
				CLANG_CXX_LIBRARY = "libc++";
				CLANG_ENABLE_MODULES = YES;
				CLANG_ENABLE_OBJC_ARC = YES;
				CLANG_WARN_BOOL_CONVERSION = YES;
				CLANG_WARN_CONSTANT_CONVERSION = YES;
				CLANG_WARN_DIRECT_OBJC_ISA_USAGE = YES_ERROR;
				CLANG_WARN_EMPTY_BODY = YES;
				CLANG_WARN_ENUM_CONVERSION = YES;
				CLANG_WARN_INT_CONVERSION = YES;
				CLANG_WARN_OBJC_ROOT_CLASS = YES_ERROR;
				CLANG_WARN__DUPLICATE_METHOD_MATCH = YES;
				COPY_PHASE_STRIP = NO;
				GCC_C_LANGUAGE_STANDARD = gnu99;
				GCC_DYNAMIC_NO_PIC = NO;
				GCC_ENABLE_OBJC_EXCEPTIONS = YES;
				GCC_OPTIMIZATION_LEVEL = 0;
				GCC_PREPROCESSOR_DEFINITIONS = (
					"DEBUG=1",
					"$(inherited)",
				);
				GCC_SYMBOLS_PRIVATE_EXTERN = NO;
				GCC_WARN_64_TO_32_BIT_CONVERSION = YES;
				GCC_WARN_ABOUT_RETURN_TYPE = YES_ERROR;
				GCC_WARN_UNDECLARED_SELECTOR = YES;
				GCC_WARN_UNINITIALIZED_AUTOS = YES_AGGRESSIVE;
				GCC_WARN_UNUSED_FUNCTION = YES;
				GCC_WARN_UNUSED_VARIABLE = YES;
				MACOSX_DEPLOYMENT_TARGET = 10.9;
				ONLY_ACTIVE_ARCH = YES;
				SDKROOT = macosx;
			};
			name = Debug;
		};
		F8D814F1193715CB0011E197 /* Release */ = {
			isa = XCBuildConfiguration;
			buildSettings = {
				ALWAYS_SEARCH_USER_PATHS = NO;
				CLANG_CXX_LANGUAGE_STANDARD = "gnu++0x";
				CLANG_CXX_LIBRARY = "libc++";
				CLANG_ENABLE_MODULES = YES;
				CLANG_ENABLE_OBJC_ARC = YES;
				CLANG_WARN_BOOL_CONVERSION = YES;
				CLANG_WARN_CONSTANT_CONVERSION = YES;
				CLANG_WARN_DIRECT_OBJC_ISA_USAGE = YES_ERROR;
				CLANG_WARN_EMPTY_BODY = YES;
				CLANG_WARN_ENUM_CONVERSION = YES;
				CLANG_WARN_INT_CONVERSION = YES;
				CLANG_WARN_OBJC_ROOT_CLASS = YES_ERROR;
				CLANG_WARN__DUPLICATE_METHOD_MATCH = YES;
				COPY_PHASE_STRIP = YES;
				DEBUG_INFORMATION_FORMAT = "dwarf-with-dsym";
				ENABLE_NS_ASSERTIONS = NO;
				GCC_C_LANGUAGE_STANDARD = gnu99;
				GCC_ENABLE_OBJC_EXCEPTIONS = YES;
				GCC_WARN_64_TO_32_BIT_CONVERSION = YES;
				GCC_WARN_ABOUT_RETURN_TYPE = YES_ERROR;
				GCC_WARN_UNDECLARED_SELECTOR = YES;
				GCC_WARN_UNINITIALIZED_AUTOS = YES_AGGRESSIVE;
				GCC_WARN_UNUSED_FUNCTION = YES;
				GCC_WARN_UNUSED_VARIABLE = YES;
				MACOSX_DEPLOYMENT_TARGET = 10.9;
				SDKROOT = macosx;
			};
			name = Release;
		};
		F8D814F3193715CB0011E197 /* Debug */ = {
			isa = XCBuildConfiguration;
			buildSettings = {
				ASSETCATALOG_COMPILER_APPICON_NAME = AppIcon;
				CLANG_ANALYZER_SECURITY_FLOATLOOPCOUNTER = YES;
				CLANG_ANALYZER_SECURITY_INSECUREAPI_RAND = YES;
				CLANG_ANALYZER_SECURITY_INSECUREAPI_STRCPY = YES;
				CLANG_WARN_CXX0X_EXTENSIONS = YES;
				CLANG_WARN_DEPRECATED_OBJC_IMPLEMENTATIONS = YES;
				CLANG_WARN_DOCUMENTATION_COMMENTS = YES;
				CLANG_WARN_IMPLICIT_SIGN_CONVERSION = YES;
				CLANG_WARN_OBJC_EXPLICIT_OWNERSHIP_TYPE = YES;
				CLANG_WARN_OBJC_IMPLICIT_ATOMIC_PROPERTIES = NO;
				CLANG_WARN_OBJC_IMPLICIT_RETAIN_SELF = YES;
				CLANG_WARN_OBJC_MISSING_PROPERTY_SYNTHESIS = NO;
				CLANG_WARN_OBJC_RECEIVER_WEAK = YES;
				CLANG_WARN_OBJC_REPEATED_USE_OF_WEAK = YES;
				CLANG_WARN_SUSPICIOUS_IMPLICIT_CONVERSION = YES;
				CLANG_WARN__EXIT_TIME_DESTRUCTORS = YES;
				COMBINE_HIDPI_IMAGES = YES;
				GCC_PRECOMPILE_PREFIX_HEADER = YES;
				GCC_PREFIX_HEADER = "MASPreferences/MASPreferences-Prefix.pch";
				GCC_TREAT_INCOMPATIBLE_POINTER_TYPE_WARNINGS_AS_ERRORS = YES;
				GCC_WARN_ABOUT_MISSING_FIELD_INITIALIZERS = YES;
				GCC_WARN_ABOUT_MISSING_NEWLINE = YES;
				GCC_WARN_HIDDEN_VIRTUAL_FUNCTIONS = YES;
				GCC_WARN_INITIALIZER_NOT_FULLY_BRACKETED = YES;
				GCC_WARN_MULTIPLE_DEFINITION_TYPES_FOR_SELECTOR = YES;
				GCC_WARN_NON_VIRTUAL_DESTRUCTOR = YES;
				GCC_WARN_PEDANTIC = NO;
				GCC_WARN_SHADOW = YES;
				GCC_WARN_SIGN_COMPARE = YES;
				GCC_WARN_STRICT_SELECTOR_MATCH = YES;
				INFOPLIST_FILE = "MASPreferences/MASPreferences-Info.plist";
				PRODUCT_NAME = "$(TARGET_NAME)";
				WARNING_CFLAGS = "";
				WRAPPER_EXTENSION = app;
			};
			name = Debug;
		};
		F8D814F4193715CB0011E197 /* Release */ = {
			isa = XCBuildConfiguration;
			buildSettings = {
				ASSETCATALOG_COMPILER_APPICON_NAME = AppIcon;
				CLANG_ANALYZER_SECURITY_FLOATLOOPCOUNTER = YES;
				CLANG_ANALYZER_SECURITY_INSECUREAPI_RAND = YES;
				CLANG_ANALYZER_SECURITY_INSECUREAPI_STRCPY = YES;
				CLANG_WARN_CXX0X_EXTENSIONS = YES;
				CLANG_WARN_DEPRECATED_OBJC_IMPLEMENTATIONS = YES;
				CLANG_WARN_DOCUMENTATION_COMMENTS = YES;
				CLANG_WARN_IMPLICIT_SIGN_CONVERSION = YES;
				CLANG_WARN_OBJC_EXPLICIT_OWNERSHIP_TYPE = YES;
				CLANG_WARN_OBJC_IMPLICIT_ATOMIC_PROPERTIES = NO;
				CLANG_WARN_OBJC_IMPLICIT_RETAIN_SELF = YES;
				CLANG_WARN_OBJC_MISSING_PROPERTY_SYNTHESIS = NO;
				CLANG_WARN_OBJC_RECEIVER_WEAK = YES;
				CLANG_WARN_OBJC_REPEATED_USE_OF_WEAK = YES;
				CLANG_WARN_SUSPICIOUS_IMPLICIT_CONVERSION = YES;
				CLANG_WARN__EXIT_TIME_DESTRUCTORS = YES;
				COMBINE_HIDPI_IMAGES = YES;
				GCC_PRECOMPILE_PREFIX_HEADER = YES;
				GCC_PREFIX_HEADER = "MASPreferences/MASPreferences-Prefix.pch";
				GCC_TREAT_INCOMPATIBLE_POINTER_TYPE_WARNINGS_AS_ERRORS = YES;
				GCC_WARN_ABOUT_MISSING_FIELD_INITIALIZERS = YES;
				GCC_WARN_ABOUT_MISSING_NEWLINE = YES;
				GCC_WARN_HIDDEN_VIRTUAL_FUNCTIONS = YES;
				GCC_WARN_INITIALIZER_NOT_FULLY_BRACKETED = YES;
				GCC_WARN_MULTIPLE_DEFINITION_TYPES_FOR_SELECTOR = YES;
				GCC_WARN_NON_VIRTUAL_DESTRUCTOR = YES;
				GCC_WARN_PEDANTIC = NO;
				GCC_WARN_SHADOW = YES;
				GCC_WARN_SIGN_COMPARE = YES;
				GCC_WARN_STRICT_SELECTOR_MATCH = YES;
				INFOPLIST_FILE = "MASPreferences/MASPreferences-Info.plist";
				PRODUCT_NAME = "$(TARGET_NAME)";
				WARNING_CFLAGS = "";
				WRAPPER_EXTENSION = app;
			};
			name = Release;
		};
		F8D814F6193715CB0011E197 /* Debug */ = {
			isa = XCBuildConfiguration;
			buildSettings = {
				BUNDLE_LOADER = "$(BUILT_PRODUCTS_DIR)/MASPreferences.app/Contents/MacOS/MASPreferences";
				COMBINE_HIDPI_IMAGES = YES;
				FRAMEWORK_SEARCH_PATHS = (
					"$(DEVELOPER_FRAMEWORKS_DIR)",
					"$(inherited)",
				);
				GCC_PRECOMPILE_PREFIX_HEADER = YES;
				GCC_PREFIX_HEADER = "MASPreferences/MASPreferences-Prefix.pch";
				GCC_PREPROCESSOR_DEFINITIONS = (
					"DEBUG=1",
					"$(inherited)",
				);
				INFOPLIST_FILE = "MASPreferencesTests/MASPreferencesTests-Info.plist";
				PRODUCT_NAME = "$(TARGET_NAME)";
				TEST_HOST = "$(BUNDLE_LOADER)";
				WRAPPER_EXTENSION = xctest;
			};
			name = Debug;
		};
		F8D814F7193715CB0011E197 /* Release */ = {
			isa = XCBuildConfiguration;
			buildSettings = {
				BUNDLE_LOADER = "$(BUILT_PRODUCTS_DIR)/MASPreferences.app/Contents/MacOS/MASPreferences";
				COMBINE_HIDPI_IMAGES = YES;
				FRAMEWORK_SEARCH_PATHS = (
					"$(DEVELOPER_FRAMEWORKS_DIR)",
					"$(inherited)",
				);
				GCC_PRECOMPILE_PREFIX_HEADER = YES;
				GCC_PREFIX_HEADER = "MASPreferences/MASPreferences-Prefix.pch";
				INFOPLIST_FILE = "MASPreferencesTests/MASPreferencesTests-Info.plist";
				PRODUCT_NAME = "$(TARGET_NAME)";
				TEST_HOST = "$(BUNDLE_LOADER)";
				WRAPPER_EXTENSION = xctest;
			};
			name = Release;
		};
/* End XCBuildConfiguration section */

/* Begin XCConfigurationList section */
		F8D814BC193715CA0011E197 /* Build configuration list for PBXProject "MASPreferences" */ = {
			isa = XCConfigurationList;
			buildConfigurations = (
				F8D814F0193715CB0011E197 /* Debug */,
				F8D814F1193715CB0011E197 /* Release */,
			);
			defaultConfigurationIsVisible = 0;
			defaultConfigurationName = Release;
		};
		F8D814F2193715CB0011E197 /* Build configuration list for PBXNativeTarget "MASPreferences" */ = {
			isa = XCConfigurationList;
			buildConfigurations = (
				F8D814F3193715CB0011E197 /* Debug */,
				F8D814F4193715CB0011E197 /* Release */,
			);
			defaultConfigurationIsVisible = 0;
			defaultConfigurationName = Release;
		};
		F8D814F5193715CB0011E197 /* Build configuration list for PBXNativeTarget "MASPreferencesTests" */ = {
			isa = XCConfigurationList;
			buildConfigurations = (
				F8D814F6193715CB0011E197 /* Debug */,
				F8D814F7193715CB0011E197 /* Release */,
			);
			defaultConfigurationIsVisible = 0;
			defaultConfigurationName = Release;
		};
/* End XCConfigurationList section */
	};
	rootObject = F8D814B9193715CA0011E197 /* Project object */;
}
